// !$*UTF8*$!
{
	archiveVersion = 1;
	classes = {
	};
	objectVersion = 50;
	objects = {

/* Begin PBXBuildFile section */
		3C4162E4232B7D0900C23BA9 /* AppCoordinator.swift in Sources */ = {isa = PBXBuildFile; fileRef = 3C4162E3232B7D0900C23BA9 /* AppCoordinator.swift */; };
		3C4163A3232B826D00C23BA9 /* CoordinatorKit.framework in Frameworks */ = {isa = PBXBuildFile; fileRef = 3C4163A2232B826D00C23BA9 /* CoordinatorKit.framework */; };
		3C4163A4232B826D00C23BA9 /* CoordinatorKit.framework in Embed Frameworks */ = {isa = PBXBuildFile; fileRef = 3C4163A2232B826D00C23BA9 /* CoordinatorKit.framework */; settings = {ATTRIBUTES = (CodeSignOnCopy, RemoveHeadersOnCopy, ); }; };
		3CB9715B232B457E006D44AD /* AppDelegate.swift in Sources */ = {isa = PBXBuildFile; fileRef = 3CB9715A232B457E006D44AD /* AppDelegate.swift */; };
		3CB9715D232B457E006D44AD /* ViewController.swift in Sources */ = {isa = PBXBuildFile; fileRef = 3CB9715C232B457E006D44AD /* ViewController.swift */; };
		3CB97160232B457E006D44AD /* Main.storyboard in Resources */ = {isa = PBXBuildFile; fileRef = 3CB9715E232B457E006D44AD /* Main.storyboard */; };
		3CB97162232B457E006D44AD /* Assets.xcassets in Resources */ = {isa = PBXBuildFile; fileRef = 3CB97161232B457E006D44AD /* Assets.xcassets */; };
		3CB97165232B457E006D44AD /* LaunchScreen.storyboard in Resources */ = {isa = PBXBuildFile; fileRef = 3CB97163232B457E006D44AD /* LaunchScreen.storyboard */; };
		3CB97170232B457E006D44AD /* MainTests.swift in Sources */ = {isa = PBXBuildFile; fileRef = 3CB9716F232B457E006D44AD /* MainTests.swift */; };
		3CB9717B232B457E006D44AD /* MainUITests.swift in Sources */ = {isa = PBXBuildFile; fileRef = 3CB9717A232B457E006D44AD /* MainUITests.swift */; };
		3CB971AF232B4A9A006D44AD /* Core.framework in Frameworks */ = {isa = PBXBuildFile; fileRef = 3CB971AE232B4A9A006D44AD /* Core.framework */; };
		3CB971B0232B4A9A006D44AD /* Core.framework in Embed Frameworks */ = {isa = PBXBuildFile; fileRef = 3CB971AE232B4A9A006D44AD /* Core.framework */; settings = {ATTRIBUTES = (CodeSignOnCopy, RemoveHeadersOnCopy, ); }; };
/* End PBXBuildFile section */

/* Begin PBXContainerItemProxy section */
		3CB9716C232B457E006D44AD /* PBXContainerItemProxy */ = {
			isa = PBXContainerItemProxy;
			containerPortal = 3CB9714F232B457E006D44AD /* Project object */;
			proxyType = 1;
			remoteGlobalIDString = 3CB97156232B457E006D44AD;
			remoteInfo = Main;
		};
		3CB97177232B457E006D44AD /* PBXContainerItemProxy */ = {
			isa = PBXContainerItemProxy;
			containerPortal = 3CB9714F232B457E006D44AD /* Project object */;
			proxyType = 1;
			remoteGlobalIDString = 3CB97156232B457E006D44AD;
			remoteInfo = Main;
		};
/* End PBXContainerItemProxy section */

/* Begin PBXCopyFilesBuildPhase section */
		3CB971B1232B4A9B006D44AD /* Embed Frameworks */ = {
			isa = PBXCopyFilesBuildPhase;
			buildActionMask = 2147483647;
			dstPath = "";
			dstSubfolderSpec = 10;
			files = (
				3C4163A4232B826D00C23BA9 /* CoordinatorKit.framework in Embed Frameworks */,
				3CB971B0232B4A9A006D44AD /* Core.framework in Embed Frameworks */,
			);
			name = "Embed Frameworks";
			runOnlyForDeploymentPostprocessing = 0;
		};
/* End PBXCopyFilesBuildPhase section */

/* Begin PBXFileReference section */
		3C4162E3232B7D0900C23BA9 /* AppCoordinator.swift */ = {isa = PBXFileReference; lastKnownFileType = sourcecode.swift; path = AppCoordinator.swift; sourceTree = "<group>"; };
		3C4163A2232B826D00C23BA9 /* CoordinatorKit.framework */ = {isa = PBXFileReference; explicitFileType = wrapper.framework; path = CoordinatorKit.framework; sourceTree = BUILT_PRODUCTS_DIR; };
		3CB97157232B457E006D44AD /* Main.app */ = {isa = PBXFileReference; explicitFileType = wrapper.application; includeInIndex = 0; path = Main.app; sourceTree = BUILT_PRODUCTS_DIR; };
		3CB9715A232B457E006D44AD /* AppDelegate.swift */ = {isa = PBXFileReference; lastKnownFileType = sourcecode.swift; path = AppDelegate.swift; sourceTree = "<group>"; };
		3CB9715C232B457E006D44AD /* ViewController.swift */ = {isa = PBXFileReference; lastKnownFileType = sourcecode.swift; path = ViewController.swift; sourceTree = "<group>"; };
		3CB9715F232B457E006D44AD /* Base */ = {isa = PBXFileReference; lastKnownFileType = file.storyboard; name = Base; path = Base.lproj/Main.storyboard; sourceTree = "<group>"; };
		3CB97161232B457E006D44AD /* Assets.xcassets */ = {isa = PBXFileReference; lastKnownFileType = folder.assetcatalog; path = Assets.xcassets; sourceTree = "<group>"; };
		3CB97164232B457E006D44AD /* Base */ = {isa = PBXFileReference; lastKnownFileType = file.storyboard; name = Base; path = Base.lproj/LaunchScreen.storyboard; sourceTree = "<group>"; };
		3CB97166232B457E006D44AD /* Info.plist */ = {isa = PBXFileReference; lastKnownFileType = text.plist.xml; path = Info.plist; sourceTree = "<group>"; };
		3CB9716B232B457E006D44AD /* MainTests.xctest */ = {isa = PBXFileReference; explicitFileType = wrapper.cfbundle; includeInIndex = 0; path = MainTests.xctest; sourceTree = BUILT_PRODUCTS_DIR; };
		3CB9716F232B457E006D44AD /* MainTests.swift */ = {isa = PBXFileReference; lastKnownFileType = sourcecode.swift; path = MainTests.swift; sourceTree = "<group>"; };
		3CB97171232B457E006D44AD /* Info.plist */ = {isa = PBXFileReference; lastKnownFileType = text.plist.xml; path = Info.plist; sourceTree = "<group>"; };
		3CB97176232B457E006D44AD /* MainUITests.xctest */ = {isa = PBXFileReference; explicitFileType = wrapper.cfbundle; includeInIndex = 0; path = MainUITests.xctest; sourceTree = BUILT_PRODUCTS_DIR; };
		3CB9717A232B457E006D44AD /* MainUITests.swift */ = {isa = PBXFileReference; lastKnownFileType = sourcecode.swift; path = MainUITests.swift; sourceTree = "<group>"; };
		3CB9717C232B457E006D44AD /* Info.plist */ = {isa = PBXFileReference; lastKnownFileType = text.plist.xml; path = Info.plist; sourceTree = "<group>"; };
		3CB971AE232B4A9A006D44AD /* Core.framework */ = {isa = PBXFileReference; explicitFileType = wrapper.framework; path = Core.framework; sourceTree = BUILT_PRODUCTS_DIR; };
/* End PBXFileReference section */

/* Begin PBXFrameworksBuildPhase section */
		3CB97154232B457E006D44AD /* Frameworks */ = {
			isa = PBXFrameworksBuildPhase;
			buildActionMask = 2147483647;
			files = (
				3C4163A3232B826D00C23BA9 /* CoordinatorKit.framework in Frameworks */,
				3CB971AF232B4A9A006D44AD /* Core.framework in Frameworks */,
			);
			runOnlyForDeploymentPostprocessing = 0;
		};
		3CB97168232B457E006D44AD /* Frameworks */ = {
			isa = PBXFrameworksBuildPhase;
			buildActionMask = 2147483647;
			files = (
			);
			runOnlyForDeploymentPostprocessing = 0;
		};
		3CB97173232B457E006D44AD /* Frameworks */ = {
			isa = PBXFrameworksBuildPhase;
			buildActionMask = 2147483647;
			files = (
			);
			runOnlyForDeploymentPostprocessing = 0;
		};
/* End PBXFrameworksBuildPhase section */

/* Begin PBXGroup section */
		3CB9714E232B457E006D44AD = {
			isa = PBXGroup;
			children = (
				3C4163A2232B826D00C23BA9 /* CoordinatorKit.framework */,
				3CB971AE232B4A9A006D44AD /* Core.framework */,
				3CB97159232B457E006D44AD /* Main */,
				3CB9716E232B457E006D44AD /* MainTests */,
				3CB97179232B457E006D44AD /* MainUITests */,
				3CB97158232B457E006D44AD /* Products */,
			);
			sourceTree = "<group>";
		};
		3CB97158232B457E006D44AD /* Products */ = {
			isa = PBXGroup;
			children = (
				3CB97157232B457E006D44AD /* Main.app */,
				3CB9716B232B457E006D44AD /* MainTests.xctest */,
				3CB97176232B457E006D44AD /* MainUITests.xctest */,
			);
			name = Products;
			sourceTree = "<group>";
		};
		3CB97159232B457E006D44AD /* Main */ = {
			isa = PBXGroup;
			children = (
				3CB9715A232B457E006D44AD /* AppDelegate.swift */,
				3CB9715C232B457E006D44AD /* ViewController.swift */,
				3CB9715E232B457E006D44AD /* Main.storyboard */,
				3CB97161232B457E006D44AD /* Assets.xcassets */,
				3CB97163232B457E006D44AD /* LaunchScreen.storyboard */,
				3CB97166232B457E006D44AD /* Info.plist */,
				3C4162E3232B7D0900C23BA9 /* AppCoordinator.swift */,
			);
			path = Main;
			sourceTree = "<group>";
		};
		3CB9716E232B457E006D44AD /* MainTests */ = {
			isa = PBXGroup;
			children = (
				3CB9716F232B457E006D44AD /* MainTests.swift */,
				3CB97171232B457E006D44AD /* Info.plist */,
			);
			path = MainTests;
			sourceTree = "<group>";
		};
		3CB97179232B457E006D44AD /* MainUITests */ = {
			isa = PBXGroup;
			children = (
				3CB9717A232B457E006D44AD /* MainUITests.swift */,
				3CB9717C232B457E006D44AD /* Info.plist */,
			);
			path = MainUITests;
			sourceTree = "<group>";
		};
/* End PBXGroup section */

/* Begin PBXNativeTarget section */
		3CB97156232B457E006D44AD /* Main */ = {
			isa = PBXNativeTarget;
			buildConfigurationList = 3CB9717F232B457E006D44AD /* Build configuration list for PBXNativeTarget "Main" */;
			buildPhases = (
				3CB97153232B457E006D44AD /* Sources */,
				3CB97154232B457E006D44AD /* Frameworks */,
				3CB97155232B457E006D44AD /* Resources */,
				3CB971B1232B4A9B006D44AD /* Embed Frameworks */,
			);
			buildRules = (
			);
			dependencies = (
			);
			name = Main;
			productName = Main;
			productReference = 3CB97157232B457E006D44AD /* Main.app */;
			productType = "com.apple.product-type.application";
		};
		3CB9716A232B457E006D44AD /* MainTests */ = {
			isa = PBXNativeTarget;
			buildConfigurationList = 3CB97182232B457E006D44AD /* Build configuration list for PBXNativeTarget "MainTests" */;
			buildPhases = (
				3CB97167232B457E006D44AD /* Sources */,
				3CB97168232B457E006D44AD /* Frameworks */,
				3CB97169232B457E006D44AD /* Resources */,
			);
			buildRules = (
			);
			dependencies = (
				3CB9716D232B457E006D44AD /* PBXTargetDependency */,
			);
			name = MainTests;
			productName = MainTests;
			productReference = 3CB9716B232B457E006D44AD /* MainTests.xctest */;
			productType = "com.apple.product-type.bundle.unit-test";
		};
		3CB97175232B457E006D44AD /* MainUITests */ = {
			isa = PBXNativeTarget;
			buildConfigurationList = 3CB97185232B457E006D44AD /* Build configuration list for PBXNativeTarget "MainUITests" */;
			buildPhases = (
				3CB97172232B457E006D44AD /* Sources */,
				3CB97173232B457E006D44AD /* Frameworks */,
				3CB97174232B457E006D44AD /* Resources */,
			);
			buildRules = (
			);
			dependencies = (
				3CB97178232B457E006D44AD /* PBXTargetDependency */,
			);
			name = MainUITests;
			productName = MainUITests;
			productReference = 3CB97176232B457E006D44AD /* MainUITests.xctest */;
			productType = "com.apple.product-type.bundle.ui-testing";
		};
/* End PBXNativeTarget section */

/* Begin PBXProject section */
		3CB9714F232B457E006D44AD /* Project object */ = {
			isa = PBXProject;
			attributes = {
				LastSwiftUpdateCheck = 1030;
				LastUpgradeCheck = 1030;
				ORGANIZATIONNAME = SCB;
				TargetAttributes = {
					3CB97156232B457E006D44AD = {
						CreatedOnToolsVersion = 10.3;
					};
					3CB9716A232B457E006D44AD = {
						CreatedOnToolsVersion = 10.3;
						TestTargetID = 3CB97156232B457E006D44AD;
					};
					3CB97175232B457E006D44AD = {
						CreatedOnToolsVersion = 10.3;
						TestTargetID = 3CB97156232B457E006D44AD;
					};
				};
			};
			buildConfigurationList = 3CB97152232B457E006D44AD /* Build configuration list for PBXProject "Main" */;
			compatibilityVersion = "Xcode 9.3";
			developmentRegion = en;
			hasScannedForEncodings = 0;
			knownRegions = (
				en,
				Base,
			);
			mainGroup = 3CB9714E232B457E006D44AD;
			productRefGroup = 3CB97158232B457E006D44AD /* Products */;
			projectDirPath = "";
			projectRoot = "";
			targets = (
				3CB97156232B457E006D44AD /* Main */,
				3CB9716A232B457E006D44AD /* MainTests */,
				3CB97175232B457E006D44AD /* MainUITests */,
			);
		};
/* End PBXProject section */

/* Begin PBXResourcesBuildPhase section */
		3CB97155232B457E006D44AD /* Resources */ = {
			isa = PBXResourcesBuildPhase;
			buildActionMask = 2147483647;
			files = (
				3CB97165232B457E006D44AD /* LaunchScreen.storyboard in Resources */,
				3CB97162232B457E006D44AD /* Assets.xcassets in Resources */,
				3CB97160232B457E006D44AD /* Main.storyboard in Resources */,
			);
			runOnlyForDeploymentPostprocessing = 0;
		};
		3CB97169232B457E006D44AD /* Resources */ = {
			isa = PBXResourcesBuildPhase;
			buildActionMask = 2147483647;
			files = (
			);
			runOnlyForDeploymentPostprocessing = 0;
		};
		3CB97174232B457E006D44AD /* Resources */ = {
			isa = PBXResourcesBuildPhase;
			buildActionMask = 2147483647;
			files = (
			);
			runOnlyForDeploymentPostprocessing = 0;
		};
/* End PBXResourcesBuildPhase section */

/* Begin PBXSourcesBuildPhase section */
		3CB97153232B457E006D44AD /* Sources */ = {
			isa = PBXSourcesBuildPhase;
			buildActionMask = 2147483647;
			files = (
				3C4162E4232B7D0900C23BA9 /* AppCoordinator.swift in Sources */,
				3CB9715D232B457E006D44AD /* ViewController.swift in Sources */,
				3CB9715B232B457E006D44AD /* AppDelegate.swift in Sources */,
			);
			runOnlyForDeploymentPostprocessing = 0;
		};
		3CB97167232B457E006D44AD /* Sources */ = {
			isa = PBXSourcesBuildPhase;
			buildActionMask = 2147483647;
			files = (
				3CB97170232B457E006D44AD /* MainTests.swift in Sources */,
			);
			runOnlyForDeploymentPostprocessing = 0;
		};
		3CB97172232B457E006D44AD /* Sources */ = {
			isa = PBXSourcesBuildPhase;
			buildActionMask = 2147483647;
			files = (
				3CB9717B232B457E006D44AD /* MainUITests.swift in Sources */,
			);
			runOnlyForDeploymentPostprocessing = 0;
		};
/* End PBXSourcesBuildPhase section */

/* Begin PBXTargetDependency section */
		3CB9716D232B457E006D44AD /* PBXTargetDependency */ = {
			isa = PBXTargetDependency;
			target = 3CB97156232B457E006D44AD /* Main */;
			targetProxy = 3CB9716C232B457E006D44AD /* PBXContainerItemProxy */;
		};
		3CB97178232B457E006D44AD /* PBXTargetDependency */ = {
			isa = PBXTargetDependency;
			target = 3CB97156232B457E006D44AD /* Main */;
			targetProxy = 3CB97177232B457E006D44AD /* PBXContainerItemProxy */;
		};
/* End PBXTargetDependency section */

/* Begin PBXVariantGroup section */
		3CB9715E232B457E006D44AD /* Main.storyboard */ = {
			isa = PBXVariantGroup;
			children = (
				3CB9715F232B457E006D44AD /* Base */,
			);
			name = Main.storyboard;
			sourceTree = "<group>";
		};
		3CB97163232B457E006D44AD /* LaunchScreen.storyboard */ = {
			isa = PBXVariantGroup;
			children = (
				3CB97164232B457E006D44AD /* Base */,
			);
			name = LaunchScreen.storyboard;
			sourceTree = "<group>";
		};
/* End PBXVariantGroup section */

/* Begin XCBuildConfiguration section */
		3CB9717D232B457E006D44AD /* Debug */ = {
			isa = XCBuildConfiguration;
			buildSettings = {
				ALWAYS_SEARCH_USER_PATHS = NO;
				CLANG_ANALYZER_NONNULL = YES;
				CLANG_ANALYZER_NUMBER_OBJECT_CONVERSION = YES_AGGRESSIVE;
				CLANG_CXX_LANGUAGE_STANDARD = "gnu++14";
				CLANG_CXX_LIBRARY = "libc++";
				CLANG_ENABLE_MODULES = YES;
				CLANG_ENABLE_OBJC_ARC = YES;
				CLANG_ENABLE_OBJC_WEAK = YES;
				CLANG_WARN_BLOCK_CAPTURE_AUTORELEASING = YES;
				CLANG_WARN_BOOL_CONVERSION = YES;
				CLANG_WARN_COMMA = YES;
				CLANG_WARN_CONSTANT_CONVERSION = YES;
				CLANG_WARN_DEPRECATED_OBJC_IMPLEMENTATIONS = YES;
				CLANG_WARN_DIRECT_OBJC_ISA_USAGE = YES_ERROR;
				CLANG_WARN_DOCUMENTATION_COMMENTS = YES;
				CLANG_WARN_EMPTY_BODY = YES;
				CLANG_WARN_ENUM_CONVERSION = YES;
				CLANG_WARN_INFINITE_RECURSION = YES;
				CLANG_WARN_INT_CONVERSION = YES;
				CLANG_WARN_NON_LITERAL_NULL_CONVERSION = YES;
				CLANG_WARN_OBJC_IMPLICIT_RETAIN_SELF = YES;
				CLANG_WARN_OBJC_LITERAL_CONVERSION = YES;
				CLANG_WARN_OBJC_ROOT_CLASS = YES_ERROR;
				CLANG_WARN_RANGE_LOOP_ANALYSIS = YES;
				CLANG_WARN_STRICT_PROTOTYPES = YES;
				CLANG_WARN_SUSPICIOUS_MOVE = YES;
				CLANG_WARN_UNGUARDED_AVAILABILITY = YES_AGGRESSIVE;
				CLANG_WARN_UNREACHABLE_CODE = YES;
				CLANG_WARN__DUPLICATE_METHOD_MATCH = YES;
				CODE_SIGN_IDENTITY = "iPhone Developer";
				COPY_PHASE_STRIP = NO;
				DEBUG_INFORMATION_FORMAT = dwarf;
				ENABLE_STRICT_OBJC_MSGSEND = YES;
				ENABLE_TESTABILITY = YES;
				GCC_C_LANGUAGE_STANDARD = gnu11;
				GCC_DYNAMIC_NO_PIC = NO;
				GCC_NO_COMMON_BLOCKS = YES;
				GCC_OPTIMIZATION_LEVEL = 0;
				GCC_PREPROCESSOR_DEFINITIONS = (
					"DEBUG=1",
					"$(inherited)",
				);
				GCC_WARN_64_TO_32_BIT_CONVERSION = YES;
				GCC_WARN_ABOUT_RETURN_TYPE = YES_ERROR;
				GCC_WARN_UNDECLARED_SELECTOR = YES;
				GCC_WARN_UNINITIALIZED_AUTOS = YES_AGGRESSIVE;
				GCC_WARN_UNUSED_FUNCTION = YES;
				GCC_WARN_UNUSED_VARIABLE = YES;
				IPHONEOS_DEPLOYMENT_TARGET = 12.4;
				MTL_ENABLE_DEBUG_INFO = INCLUDE_SOURCE;
				MTL_FAST_MATH = YES;
				ONLY_ACTIVE_ARCH = YES;
				SDKROOT = iphoneos;
				SWIFT_ACTIVE_COMPILATION_CONDITIONS = DEBUG;
				SWIFT_OPTIMIZATION_LEVEL = "-Onone";
			};
			name = Debug;
		};
		3CB9717E232B457E006D44AD /* Release */ = {
			isa = XCBuildConfiguration;
			buildSettings = {
				ALWAYS_SEARCH_USER_PATHS = NO;
				CLANG_ANALYZER_NONNULL = YES;
				CLANG_ANALYZER_NUMBER_OBJECT_CONVERSION = YES_AGGRESSIVE;
				CLANG_CXX_LANGUAGE_STANDARD = "gnu++14";
				CLANG_CXX_LIBRARY = "libc++";
				CLANG_ENABLE_MODULES = YES;
				CLANG_ENABLE_OBJC_ARC = YES;
				CLANG_ENABLE_OBJC_WEAK = YES;
				CLANG_WARN_BLOCK_CAPTURE_AUTORELEASING = YES;
				CLANG_WARN_BOOL_CONVERSION = YES;
				CLANG_WARN_COMMA = YES;
				CLANG_WARN_CONSTANT_CONVERSION = YES;
				CLANG_WARN_DEPRECATED_OBJC_IMPLEMENTATIONS = YES;
				CLANG_WARN_DIRECT_OBJC_ISA_USAGE = YES_ERROR;
				CLANG_WARN_DOCUMENTATION_COMMENTS = YES;
				CLANG_WARN_EMPTY_BODY = YES;
				CLANG_WARN_ENUM_CONVERSION = YES;
				CLANG_WARN_INFINITE_RECURSION = YES;
				CLANG_WARN_INT_CONVERSION = YES;
				CLANG_WARN_NON_LITERAL_NULL_CONVERSION = YES;
				CLANG_WARN_OBJC_IMPLICIT_RETAIN_SELF = YES;
				CLANG_WARN_OBJC_LITERAL_CONVERSION = YES;
				CLANG_WARN_OBJC_ROOT_CLASS = YES_ERROR;
				CLANG_WARN_RANGE_LOOP_ANALYSIS = YES;
				CLANG_WARN_STRICT_PROTOTYPES = YES;
				CLANG_WARN_SUSPICIOUS_MOVE = YES;
				CLANG_WARN_UNGUARDED_AVAILABILITY = YES_AGGRESSIVE;
				CLANG_WARN_UNREACHABLE_CODE = YES;
				CLANG_WARN__DUPLICATE_METHOD_MATCH = YES;
				CODE_SIGN_IDENTITY = "iPhone Developer";
				COPY_PHASE_STRIP = NO;
				DEBUG_INFORMATION_FORMAT = "dwarf-with-dsym";
				ENABLE_NS_ASSERTIONS = NO;
				ENABLE_STRICT_OBJC_MSGSEND = YES;
				GCC_C_LANGUAGE_STANDARD = gnu11;
				GCC_NO_COMMON_BLOCKS = YES;
				GCC_WARN_64_TO_32_BIT_CONVERSION = YES;
				GCC_WARN_ABOUT_RETURN_TYPE = YES_ERROR;
				GCC_WARN_UNDECLARED_SELECTOR = YES;
				GCC_WARN_UNINITIALIZED_AUTOS = YES_AGGRESSIVE;
				GCC_WARN_UNUSED_FUNCTION = YES;
				GCC_WARN_UNUSED_VARIABLE = YES;
				IPHONEOS_DEPLOYMENT_TARGET = 12.4;
				MTL_ENABLE_DEBUG_INFO = NO;
				MTL_FAST_MATH = YES;
				SDKROOT = iphoneos;
				SWIFT_COMPILATION_MODE = wholemodule;
				SWIFT_OPTIMIZATION_LEVEL = "-O";
				VALIDATE_PRODUCT = YES;
			};
			name = Release;
		};
		3CB97180232B457E006D44AD /* Debug */ = {
			isa = XCBuildConfiguration;
			buildSettings = {
				ASSETCATALOG_COMPILER_APPICON_NAME = AppIcon;
				CODE_SIGN_STYLE = Automatic;
				INFOPLIST_FILE = Main/Info.plist;
				LD_RUNPATH_SEARCH_PATHS = (
					"$(inherited)",
					"@executable_path/Frameworks",
				);
				PRODUCT_BUNDLE_IDENTIFIER = com.rawd.Main;
				PRODUCT_NAME = "$(TARGET_NAME)";
				SWIFT_VERSION = 5.0;
				TARGETED_DEVICE_FAMILY = "1,2";
			};
			name = Debug;
		};
		3CB97181232B457E006D44AD /* Release */ = {
			isa = XCBuildConfiguration;
			buildSettings = {
				ASSETCATALOG_COMPILER_APPICON_NAME = AppIcon;
				CODE_SIGN_STYLE = Automatic;
				INFOPLIST_FILE = Main/Info.plist;
				LD_RUNPATH_SEARCH_PATHS = (
					"$(inherited)",
					"@executable_path/Frameworks",
				);
				PRODUCT_BUNDLE_IDENTIFIER = com.rawd.Main;
				PRODUCT_NAME = "$(TARGET_NAME)";
				SWIFT_VERSION = 5.0;
				TARGETED_DEVICE_FAMILY = "1,2";
			};
			name = Release;
		};
		3CB97183232B457E006D44AD /* Debug */ = {
			isa = XCBuildConfiguration;
			buildSettings = {
				ALWAYS_EMBED_SWIFT_STANDARD_LIBRARIES = YES;
				BUNDLE_LOADER = "$(TEST_HOST)";
				CODE_SIGN_STYLE = Automatic;
				INFOPLIST_FILE = MainTests/Info.plist;
				LD_RUNPATH_SEARCH_PATHS = (
					"$(inherited)",
					"@executable_path/Frameworks",
					"@loader_path/Frameworks",
				);
				PRODUCT_BUNDLE_IDENTIFIER = com.rawd.MainTests;
				PRODUCT_NAME = "$(TARGET_NAME)";
				SWIFT_VERSION = 5.0;
				TARGETED_DEVICE_FAMILY = "1,2";
				TEST_HOST = "$(BUILT_PRODUCTS_DIR)/Main.app/Main";
			};
			name = Debug;
		};
		3CB97184232B457E006D44AD /* Release */ = {
			isa = XCBuildConfiguration;
			buildSettings = {
				ALWAYS_EMBED_SWIFT_STANDARD_LIBRARIES = YES;
				BUNDLE_LOADER = "$(TEST_HOST)";
				CODE_SIGN_STYLE = Automatic;
				INFOPLIST_FILE = MainTests/Info.plist;
				LD_RUNPATH_SEARCH_PATHS = (
					"$(inherited)",
					"@executable_path/Frameworks",
					"@loader_path/Frameworks",
				);
				PRODUCT_BUNDLE_IDENTIFIER = com.rawd.MainTests;
				PRODUCT_NAME = "$(TARGET_NAME)";
				SWIFT_VERSION = 5.0;
				TARGETED_DEVICE_FAMILY = "1,2";
				TEST_HOST = "$(BUILT_PRODUCTS_DIR)/Main.app/Main";
			};
			name = Release;
		};
		3CB97186232B457E006D44AD /* Debug */ = {
			isa = XCBuildConfiguration;
			buildSettings = {
				ALWAYS_EMBED_SWIFT_STANDARD_LIBRARIES = YES;
				CODE_SIGN_STYLE = Automatic;
				INFOPLIST_FILE = MainUITests/Info.plist;
				LD_RUNPATH_SEARCH_PATHS = (
					"$(inherited)",
					"@executable_path/Frameworks",
					"@loader_path/Frameworks",
				);
				PRODUCT_BUNDLE_IDENTIFIER = com.rawd.MainUITests;
				PRODUCT_NAME = "$(TARGET_NAME)";
				SWIFT_VERSION = 5.0;
				TARGETED_DEVICE_FAMILY = "1,2";
				TEST_TARGET_NAME = Main;
			};
			name = Debug;
		};
		3CB97187232B457E006D44AD /* Release */ = {
			isa = XCBuildConfiguration;
			buildSettings = {
				ALWAYS_EMBED_SWIFT_STANDARD_LIBRARIES = YES;
				CODE_SIGN_STYLE = Automatic;
				INFOPLIST_FILE = MainUITests/Info.plist;
				LD_RUNPATH_SEARCH_PATHS = (
					"$(inherited)",
					"@executable_path/Frameworks",
					"@loader_path/Frameworks",
				);
				PRODUCT_BUNDLE_IDENTIFIER = com.rawd.MainUITests;
				PRODUCT_NAME = "$(TARGET_NAME)";
				SWIFT_VERSION = 5.0;
				TARGETED_DEVICE_FAMILY = "1,2";
				TEST_TARGET_NAME = Main;
			};
			name = Release;
		};
/* End XCBuildConfiguration section */

/* Begin XCConfigurationList section */
		3CB97152232B457E006D44AD /* Build configuration list for PBXProject "Main" */ = {
			isa = XCConfigurationList;
			buildConfigurations = (
				3CB9717D232B457E006D44AD /* Debug */,
				3CB9717E232B457E006D44AD /* Release */,
			);
			defaultConfigurationIsVisible = 0;
			defaultConfigurationName = Release;
		};
		3CB9717F232B457E006D44AD /* Build configuration list for PBXNativeTarget "Main" */ = {
			isa = XCConfigurationList;
			buildConfigurations = (
				3CB97180232B457E006D44AD /* Debug */,
				3CB97181232B457E006D44AD /* Release */,
			);
			defaultConfigurationIsVisible = 0;
			defaultConfigurationName = Release;
		};
		3CB97182232B457E006D44AD /* Build configuration list for PBXNativeTarget "MainTests" */ = {
			isa = XCConfigurationList;
			buildConfigurations = (
				3CB97183232B457E006D44AD /* Debug */,
				3CB97184232B457E006D44AD /* Release */,
			);
			defaultConfigurationIsVisible = 0;
			defaultConfigurationName = Release;
		};
		3CB97185232B457E006D44AD /* Build configuration list for PBXNativeTarget "MainUITests" */ = {
			isa = XCConfigurationList;
			buildConfigurations = (
				3CB97186232B457E006D44AD /* Debug */,
				3CB97187232B457E006D44AD /* Release */,
			);
			defaultConfigurationIsVisible = 0;
			defaultConfigurationName = Release;
		};
/* End XCConfigurationList section */
	};
	rootObject = 3CB9714F232B457E006D44AD /* Project object */;
}
