// !$*UTF8*$!
{
	archiveVersion = 1;
	classes = {
	};
	objectVersion = 50;
	objects = {

/* Begin PBXBuildFile section */
		3C4162B3232B569000C23BA9 /* AppDelegate.swift in Sources */ = {isa = PBXBuildFile; fileRef = 3C4162B2232B569000C23BA9 /* AppDelegate.swift */; };
		3C4162B5232B569000C23BA9 /* ViewController.swift in Sources */ = {isa = PBXBuildFile; fileRef = 3C4162B4232B569000C23BA9 /* ViewController.swift */; };
		3C4162B8232B569000C23BA9 /* Main.storyboard in Resources */ = {isa = PBXBuildFile; fileRef = 3C4162B6232B569000C23BA9 /* Main.storyboard */; };
		3C4162BA232B569100C23BA9 /* Assets.xcassets in Resources */ = {isa = PBXBuildFile; fileRef = 3C4162B9232B569100C23BA9 /* Assets.xcassets */; };
		3C4162BD232B569100C23BA9 /* LaunchScreen.storyboard in Resources */ = {isa = PBXBuildFile; fileRef = 3C4162BB232B569100C23BA9 /* LaunchScreen.storyboard */; };
		3C4162C8232B569100C23BA9 /* LoginTests.swift in Sources */ = {isa = PBXBuildFile; fileRef = 3C4162C7232B569100C23BA9 /* LoginTests.swift */; };
		3C4162D3232B569100C23BA9 /* LoginUITests.swift in Sources */ = {isa = PBXBuildFile; fileRef = 3C4162D2232B569100C23BA9 /* LoginUITests.swift */; };
/* End PBXBuildFile section */

/* Begin PBXContainerItemProxy section */
		3C4162C4232B569100C23BA9 /* PBXContainerItemProxy */ = {
			isa = PBXContainerItemProxy;
			containerPortal = 3C4162A7232B569000C23BA9 /* Project object */;
			proxyType = 1;
			remoteGlobalIDString = 3C4162AE232B569000C23BA9;
			remoteInfo = Login;
		};
		3C4162CF232B569100C23BA9 /* PBXContainerItemProxy */ = {
			isa = PBXContainerItemProxy;
			containerPortal = 3C4162A7232B569000C23BA9 /* Project object */;
			proxyType = 1;
			remoteGlobalIDString = 3C4162AE232B569000C23BA9;
			remoteInfo = Login;
		};
/* End PBXContainerItemProxy section */

/* Begin PBXFileReference section */
		3C4162AF232B569000C23BA9 /* Login.app */ = {isa = PBXFileReference; explicitFileType = wrapper.application; includeInIndex = 0; path = Login.app; sourceTree = BUILT_PRODUCTS_DIR; };
		3C4162B2232B569000C23BA9 /* AppDelegate.swift */ = {isa = PBXFileReference; lastKnownFileType = sourcecode.swift; path = AppDelegate.swift; sourceTree = "<group>"; };
		3C4162B4232B569000C23BA9 /* ViewController.swift */ = {isa = PBXFileReference; lastKnownFileType = sourcecode.swift; path = ViewController.swift; sourceTree = "<group>"; };
		3C4162B7232B569000C23BA9 /* Base */ = {isa = PBXFileReference; lastKnownFileType = file.storyboard; name = Base; path = Base.lproj/Main.storyboard; sourceTree = "<group>"; };
		3C4162B9232B569100C23BA9 /* Assets.xcassets */ = {isa = PBXFileReference; lastKnownFileType = folder.assetcatalog; path = Assets.xcassets; sourceTree = "<group>"; };
		3C4162BC232B569100C23BA9 /* Base */ = {isa = PBXFileReference; lastKnownFileType = file.storyboard; name = Base; path = Base.lproj/LaunchScreen.storyboard; sourceTree = "<group>"; };
		3C4162BE232B569100C23BA9 /* Info.plist */ = {isa = PBXFileReference; lastKnownFileType = text.plist.xml; path = Info.plist; sourceTree = "<group>"; };
		3C4162C3232B569100C23BA9 /* LoginTests.xctest */ = {isa = PBXFileReference; explicitFileType = wrapper.cfbundle; includeInIndex = 0; path = LoginTests.xctest; sourceTree = BUILT_PRODUCTS_DIR; };
		3C4162C7232B569100C23BA9 /* LoginTests.swift */ = {isa = PBXFileReference; lastKnownFileType = sourcecode.swift; path = LoginTests.swift; sourceTree = "<group>"; };
		3C4162C9232B569100C23BA9 /* Info.plist */ = {isa = PBXFileReference; lastKnownFileType = text.plist.xml; path = Info.plist; sourceTree = "<group>"; };
		3C4162CE232B569100C23BA9 /* LoginUITests.xctest */ = {isa = PBXFileReference; explicitFileType = wrapper.cfbundle; includeInIndex = 0; path = LoginUITests.xctest; sourceTree = BUILT_PRODUCTS_DIR; };
		3C4162D2232B569100C23BA9 /* LoginUITests.swift */ = {isa = PBXFileReference; lastKnownFileType = sourcecode.swift; path = LoginUITests.swift; sourceTree = "<group>"; };
		3C4162D4232B569100C23BA9 /* Info.plist */ = {isa = PBXFileReference; lastKnownFileType = text.plist.xml; path = Info.plist; sourceTree = "<group>"; };
/* End PBXFileReference section */

/* Begin PBXFrameworksBuildPhase section */
		3C4162AC232B569000C23BA9 /* Frameworks */ = {
			isa = PBXFrameworksBuildPhase;
			buildActionMask = 2147483647;
			files = (
			);
			runOnlyForDeploymentPostprocessing = 0;
		};
		3C4162C0232B569100C23BA9 /* Frameworks */ = {
			isa = PBXFrameworksBuildPhase;
			buildActionMask = 2147483647;
			files = (
			);
			runOnlyForDeploymentPostprocessing = 0;
		};
		3C4162CB232B569100C23BA9 /* Frameworks */ = {
			isa = PBXFrameworksBuildPhase;
			buildActionMask = 2147483647;
			files = (
			);
			runOnlyForDeploymentPostprocessing = 0;
		};
/* End PBXFrameworksBuildPhase section */

/* Begin PBXGroup section */
		3C4162A6232B569000C23BA9 = {
			isa = PBXGroup;
			children = (
				3C4162B1232B569000C23BA9 /* Login */,
				3C4162C6232B569100C23BA9 /* LoginTests */,
				3C4162D1232B569100C23BA9 /* LoginUITests */,
				3C4162B0232B569000C23BA9 /* Products */,
			);
			sourceTree = "<group>";
		};
		3C4162B0232B569000C23BA9 /* Products */ = {
			isa = PBXGroup;
			children = (
				3C4162AF232B569000C23BA9 /* Login.app */,
				3C4162C3232B569100C23BA9 /* LoginTests.xctest */,
				3C4162CE232B569100C23BA9 /* LoginUITests.xctest */,
			);
			name = Products;
			sourceTree = "<group>";
		};
		3C4162B1232B569000C23BA9 /* Login */ = {
			isa = PBXGroup;
			children = (
				3C4162B2232B569000C23BA9 /* AppDelegate.swift */,
				3C4162B4232B569000C23BA9 /* ViewController.swift */,
				3C4162B6232B569000C23BA9 /* Main.storyboard */,
				3C4162B9232B569100C23BA9 /* Assets.xcassets */,
				3C4162BB232B569100C23BA9 /* LaunchScreen.storyboard */,
				3C4162BE232B569100C23BA9 /* Info.plist */,
			);
			path = Login;
			sourceTree = "<group>";
		};
		3C4162C6232B569100C23BA9 /* LoginTests */ = {
			isa = PBXGroup;
			children = (
				3C4162C7232B569100C23BA9 /* LoginTests.swift */,
				3C4162C9232B569100C23BA9 /* Info.plist */,
			);
			path = LoginTests;
			sourceTree = "<group>";
		};
		3C4162D1232B569100C23BA9 /* LoginUITests */ = {
			isa = PBXGroup;
			children = (
				3C4162D2232B569100C23BA9 /* LoginUITests.swift */,
				3C4162D4232B569100C23BA9 /* Info.plist */,
			);
			path = LoginUITests;
			sourceTree = "<group>";
		};
/* End PBXGroup section */

/* Begin PBXNativeTarget section */
		3C4162AE232B569000C23BA9 /* Login */ = {
			isa = PBXNativeTarget;
			buildConfigurationList = 3C4162D7232B569100C23BA9 /* Build configuration list for PBXNativeTarget "Login" */;
			buildPhases = (
				3C4162AB232B569000C23BA9 /* Sources */,
				3C4162AC232B569000C23BA9 /* Frameworks */,
				3C4162AD232B569000C23BA9 /* Resources */,
			);
			buildRules = (
			);
			dependencies = (
			);
			name = Login;
			productName = Login;
			productReference = 3C4162AF232B569000C23BA9 /* Login.app */;
			productType = "com.apple.product-type.application";
		};
		3C4162C2232B569100C23BA9 /* LoginTests */ = {
			isa = PBXNativeTarget;
			buildConfigurationList = 3C4162DA232B569100C23BA9 /* Build configuration list for PBXNativeTarget "LoginTests" */;
			buildPhases = (
				3C4162BF232B569100C23BA9 /* Sources */,
				3C4162C0232B569100C23BA9 /* Frameworks */,
				3C4162C1232B569100C23BA9 /* Resources */,
			);
			buildRules = (
			);
			dependencies = (
				3C4162C5232B569100C23BA9 /* PBXTargetDependency */,
			);
			name = LoginTests;
			productName = LoginTests;
			productReference = 3C4162C3232B569100C23BA9 /* LoginTests.xctest */;
			productType = "com.apple.product-type.bundle.unit-test";
		};
		3C4162CD232B569100C23BA9 /* LoginUITests */ = {
			isa = PBXNativeTarget;
			buildConfigurationList = 3C4162DD232B569100C23BA9 /* Build configuration list for PBXNativeTarget "LoginUITests" */;
			buildPhases = (
				3C4162CA232B569100C23BA9 /* Sources */,
				3C4162CB232B569100C23BA9 /* Frameworks */,
				3C4162CC232B569100C23BA9 /* Resources */,
			);
			buildRules = (
			);
			dependencies = (
				3C4162D0232B569100C23BA9 /* PBXTargetDependency */,
			);
			name = LoginUITests;
			productName = LoginUITests;
			productReference = 3C4162CE232B569100C23BA9 /* LoginUITests.xctest */;
			productType = "com.apple.product-type.bundle.ui-testing";
		};
/* End PBXNativeTarget section */

/* Begin PBXProject section */
		3C4162A7232B569000C23BA9 /* Project object */ = {
			isa = PBXProject;
			attributes = {
				LastSwiftUpdateCheck = 1030;
				LastUpgradeCheck = 1030;
				ORGANIZATIONNAME = SCB;
				TargetAttributes = {
					3C4162AE232B569000C23BA9 = {
						CreatedOnToolsVersion = 10.3;
					};
					3C4162C2232B569100C23BA9 = {
						CreatedOnToolsVersion = 10.3;
						TestTargetID = 3C4162AE232B569000C23BA9;
					};
					3C4162CD232B569100C23BA9 = {
						CreatedOnToolsVersion = 10.3;
						TestTargetID = 3C4162AE232B569000C23BA9;
					};
				};
			};
			buildConfigurationList = 3C4162AA232B569000C23BA9 /* Build configuration list for PBXProject "Login" */;
			compatibilityVersion = "Xcode 9.3";
			developmentRegion = en;
			hasScannedForEncodings = 0;
			knownRegions = (
				en,
				Base,
			);
			mainGroup = 3C4162A6232B569000C23BA9;
			productRefGroup = 3C4162B0232B569000C23BA9 /* Products */;
			projectDirPath = "";
			projectRoot = "";
			targets = (
				3C4162AE232B569000C23BA9 /* Login */,
				3C4162C2232B569100C23BA9 /* LoginTests */,
				3C4162CD232B569100C23BA9 /* LoginUITests */,
			);
		};
/* End PBXProject section */

/* Begin PBXResourcesBuildPhase section */
		3C4162AD232B569000C23BA9 /* Resources */ = {
			isa = PBXResourcesBuildPhase;
			buildActionMask = 2147483647;
			files = (
				3C4162BD232B569100C23BA9 /* LaunchScreen.storyboard in Resources */,
				3C4162BA232B569100C23BA9 /* Assets.xcassets in Resources */,
				3C4162B8232B569000C23BA9 /* Main.storyboard in Resources */,
			);
			runOnlyForDeploymentPostprocessing = 0;
		};
		3C4162C1232B569100C23BA9 /* Resources */ = {
			isa = PBXResourcesBuildPhase;
			buildActionMask = 2147483647;
			files = (
			);
			runOnlyForDeploymentPostprocessing = 0;
		};
		3C4162CC232B569100C23BA9 /* Resources */ = {
			isa = PBXResourcesBuildPhase;
			buildActionMask = 2147483647;
			files = (
			);
			runOnlyForDeploymentPostprocessing = 0;
		};
/* End PBXResourcesBuildPhase section */

/* Begin PBXSourcesBuildPhase section */
		3C4162AB232B569000C23BA9 /* Sources */ = {
			isa = PBXSourcesBuildPhase;
			buildActionMask = 2147483647;
			files = (
				3C4162B5232B569000C23BA9 /* ViewController.swift in Sources */,
				3C4162B3232B569000C23BA9 /* AppDelegate.swift in Sources */,
			);
			runOnlyForDeploymentPostprocessing = 0;
		};
		3C4162BF232B569100C23BA9 /* Sources */ = {
			isa = PBXSourcesBuildPhase;
			buildActionMask = 2147483647;
			files = (
				3C4162C8232B569100C23BA9 /* LoginTests.swift in Sources */,
			);
			runOnlyForDeploymentPostprocessing = 0;
		};
		3C4162CA232B569100C23BA9 /* Sources */ = {
			isa = PBXSourcesBuildPhase;
			buildActionMask = 2147483647;
			files = (
				3C4162D3232B569100C23BA9 /* LoginUITests.swift in Sources */,
			);
			runOnlyForDeploymentPostprocessing = 0;
		};
/* End PBXSourcesBuildPhase section */

/* Begin PBXTargetDependency section */
		3C4162C5232B569100C23BA9 /* PBXTargetDependency */ = {
			isa = PBXTargetDependency;
			target = 3C4162AE232B569000C23BA9 /* Login */;
			targetProxy = 3C4162C4232B569100C23BA9 /* PBXContainerItemProxy */;
		};
		3C4162D0232B569100C23BA9 /* PBXTargetDependency */ = {
			isa = PBXTargetDependency;
			target = 3C4162AE232B569000C23BA9 /* Login */;
			targetProxy = 3C4162CF232B569100C23BA9 /* PBXContainerItemProxy */;
		};
/* End PBXTargetDependency section */

/* Begin PBXVariantGroup section */
		3C4162B6232B569000C23BA9 /* Main.storyboard */ = {
			isa = PBXVariantGroup;
			children = (
				3C4162B7232B569000C23BA9 /* Base */,
			);
			name = Main.storyboard;
			sourceTree = "<group>";
		};
		3C4162BB232B569100C23BA9 /* LaunchScreen.storyboard */ = {
			isa = PBXVariantGroup;
			children = (
				3C4162BC232B569100C23BA9 /* Base */,
			);
			name = LaunchScreen.storyboard;
			sourceTree = "<group>";
		};
/* End PBXVariantGroup section */

/* Begin XCBuildConfiguration section */
		3C4162D5232B569100C23BA9 /* Debug */ = {
			isa = XCBuildConfiguration;
			buildSettings = {
				ALWAYS_SEARCH_USER_PATHS = NO;
				CLANG_ANALYZER_NONNULL = YES;
				CLANG_ANALYZER_NUMBER_OBJECT_CONVERSION = YES_AGGRESSIVE;
				CLANG_CXX_LANGUAGE_STANDARD = "gnu++14";
				CLANG_CXX_LIBRARY = "libc++";
				CLANG_ENABLE_MODULES = YES;
				CLANG_ENABLE_OBJC_ARC = YES;
				CLANG_ENABLE_OBJC_WEAK = YES;
				CLANG_WARN_BLOCK_CAPTURE_AUTORELEASING = YES;
				CLANG_WARN_BOOL_CONVERSION = YES;
				CLANG_WARN_COMMA = YES;
				CLANG_WARN_CONSTANT_CONVERSION = YES;
				CLANG_WARN_DEPRECATED_OBJC_IMPLEMENTATIONS = YES;
				CLANG_WARN_DIRECT_OBJC_ISA_USAGE = YES_ERROR;
				CLANG_WARN_DOCUMENTATION_COMMENTS = YES;
				CLANG_WARN_EMPTY_BODY = YES;
				CLANG_WARN_ENUM_CONVERSION = YES;
				CLANG_WARN_INFINITE_RECURSION = YES;
				CLANG_WARN_INT_CONVERSION = YES;
				CLANG_WARN_NON_LITERAL_NULL_CONVERSION = YES;
				CLANG_WARN_OBJC_IMPLICIT_RETAIN_SELF = YES;
				CLANG_WARN_OBJC_LITERAL_CONVERSION = YES;
				CLANG_WARN_OBJC_ROOT_CLASS = YES_ERROR;
				CLANG_WARN_RANGE_LOOP_ANALYSIS = YES;
				CLANG_WARN_STRICT_PROTOTYPES = YES;
				CLANG_WARN_SUSPICIOUS_MOVE = YES;
				CLANG_WARN_UNGUARDED_AVAILABILITY = YES_AGGRESSIVE;
				CLANG_WARN_UNREACHABLE_CODE = YES;
				CLANG_WARN__DUPLICATE_METHOD_MATCH = YES;
				CODE_SIGN_IDENTITY = "iPhone Developer";
				COPY_PHASE_STRIP = NO;
				DEBUG_INFORMATION_FORMAT = dwarf;
				ENABLE_STRICT_OBJC_MSGSEND = YES;
				ENABLE_TESTABILITY = YES;
				GCC_C_LANGUAGE_STANDARD = gnu11;
				GCC_DYNAMIC_NO_PIC = NO;
				GCC_NO_COMMON_BLOCKS = YES;
				GCC_OPTIMIZATION_LEVEL = 0;
				GCC_PREPROCESSOR_DEFINITIONS = (
					"DEBUG=1",
					"$(inherited)",
				);
				GCC_WARN_64_TO_32_BIT_CONVERSION = YES;
				GCC_WARN_ABOUT_RETURN_TYPE = YES_ERROR;
				GCC_WARN_UNDECLARED_SELECTOR = YES;
				GCC_WARN_UNINITIALIZED_AUTOS = YES_AGGRESSIVE;
				GCC_WARN_UNUSED_FUNCTION = YES;
				GCC_WARN_UNUSED_VARIABLE = YES;
				IPHONEOS_DEPLOYMENT_TARGET = 12.4;
				MTL_ENABLE_DEBUG_INFO = INCLUDE_SOURCE;
				MTL_FAST_MATH = YES;
				ONLY_ACTIVE_ARCH = YES;
				SDKROOT = iphoneos;
				SWIFT_ACTIVE_COMPILATION_CONDITIONS = DEBUG;
				SWIFT_OPTIMIZATION_LEVEL = "-Onone";
			};
			name = Debug;
		};
		3C4162D6232B569100C23BA9 /* Release */ = {
			isa = XCBuildConfiguration;
			buildSettings = {
				ALWAYS_SEARCH_USER_PATHS = NO;
				CLANG_ANALYZER_NONNULL = YES;
				CLANG_ANALYZER_NUMBER_OBJECT_CONVERSION = YES_AGGRESSIVE;
				CLANG_CXX_LANGUAGE_STANDARD = "gnu++14";
				CLANG_CXX_LIBRARY = "libc++";
				CLANG_ENABLE_MODULES = YES;
				CLANG_ENABLE_OBJC_ARC = YES;
				CLANG_ENABLE_OBJC_WEAK = YES;
				CLANG_WARN_BLOCK_CAPTURE_AUTORELEASING = YES;
				CLANG_WARN_BOOL_CONVERSION = YES;
				CLANG_WARN_COMMA = YES;
				CLANG_WARN_CONSTANT_CONVERSION = YES;
				CLANG_WARN_DEPRECATED_OBJC_IMPLEMENTATIONS = YES;
				CLANG_WARN_DIRECT_OBJC_ISA_USAGE = YES_ERROR;
				CLANG_WARN_DOCUMENTATION_COMMENTS = YES;
				CLANG_WARN_EMPTY_BODY = YES;
				CLANG_WARN_ENUM_CONVERSION = YES;
				CLANG_WARN_INFINITE_RECURSION = YES;
				CLANG_WARN_INT_CONVERSION = YES;
				CLANG_WARN_NON_LITERAL_NULL_CONVERSION = YES;
				CLANG_WARN_OBJC_IMPLICIT_RETAIN_SELF = YES;
				CLANG_WARN_OBJC_LITERAL_CONVERSION = YES;
				CLANG_WARN_OBJC_ROOT_CLASS = YES_ERROR;
				CLANG_WARN_RANGE_LOOP_ANALYSIS = YES;
				CLANG_WARN_STRICT_PROTOTYPES = YES;
				CLANG_WARN_SUSPICIOUS_MOVE = YES;
				CLANG_WARN_UNGUARDED_AVAILABILITY = YES_AGGRESSIVE;
				CLANG_WARN_UNREACHABLE_CODE = YES;
				CLANG_WARN__DUPLICATE_METHOD_MATCH = YES;
				CODE_SIGN_IDENTITY = "iPhone Developer";
				COPY_PHASE_STRIP = NO;
				DEBUG_INFORMATION_FORMAT = "dwarf-with-dsym";
				ENABLE_NS_ASSERTIONS = NO;
				ENABLE_STRICT_OBJC_MSGSEND = YES;
				GCC_C_LANGUAGE_STANDARD = gnu11;
				GCC_NO_COMMON_BLOCKS = YES;
				GCC_WARN_64_TO_32_BIT_CONVERSION = YES;
				GCC_WARN_ABOUT_RETURN_TYPE = YES_ERROR;
				GCC_WARN_UNDECLARED_SELECTOR = YES;
				GCC_WARN_UNINITIALIZED_AUTOS = YES_AGGRESSIVE;
				GCC_WARN_UNUSED_FUNCTION = YES;
				GCC_WARN_UNUSED_VARIABLE = YES;
				IPHONEOS_DEPLOYMENT_TARGET = 12.4;
				MTL_ENABLE_DEBUG_INFO = NO;
				MTL_FAST_MATH = YES;
				SDKROOT = iphoneos;
				SWIFT_COMPILATION_MODE = wholemodule;
				SWIFT_OPTIMIZATION_LEVEL = "-O";
				VALIDATE_PRODUCT = YES;
			};
			name = Release;
		};
		3C4162D8232B569100C23BA9 /* Debug */ = {
			isa = XCBuildConfiguration;
			buildSettings = {
				ASSETCATALOG_COMPILER_APPICON_NAME = AppIcon;
				CODE_SIGN_STYLE = Automatic;
				INFOPLIST_FILE = Login/Info.plist;
				LD_RUNPATH_SEARCH_PATHS = (
					"$(inherited)",
					"@executable_path/Frameworks",
				);
				PRODUCT_BUNDLE_IDENTIFIER = com.rawd.Login;
				PRODUCT_NAME = "$(TARGET_NAME)";
				SWIFT_VERSION = 5.0;
				TARGETED_DEVICE_FAMILY = "1,2";
			};
			name = Debug;
		};
		3C4162D9232B569100C23BA9 /* Release */ = {
			isa = XCBuildConfiguration;
			buildSettings = {
				ASSETCATALOG_COMPILER_APPICON_NAME = AppIcon;
				CODE_SIGN_STYLE = Automatic;
				INFOPLIST_FILE = Login/Info.plist;
				LD_RUNPATH_SEARCH_PATHS = (
					"$(inherited)",
					"@executable_path/Frameworks",
				);
				PRODUCT_BUNDLE_IDENTIFIER = com.rawd.Login;
				PRODUCT_NAME = "$(TARGET_NAME)";
				SWIFT_VERSION = 5.0;
				TARGETED_DEVICE_FAMILY = "1,2";
			};
			name = Release;
		};
		3C4162DB232B569100C23BA9 /* Debug */ = {
			isa = XCBuildConfiguration;
			buildSettings = {
				ALWAYS_EMBED_SWIFT_STANDARD_LIBRARIES = YES;
				BUNDLE_LOADER = "$(TEST_HOST)";
				CODE_SIGN_STYLE = Automatic;
				INFOPLIST_FILE = LoginTests/Info.plist;
				LD_RUNPATH_SEARCH_PATHS = (
					"$(inherited)",
					"@executable_path/Frameworks",
					"@loader_path/Frameworks",
				);
				PRODUCT_BUNDLE_IDENTIFIER = com.rawd.LoginTests;
				PRODUCT_NAME = "$(TARGET_NAME)";
				SWIFT_VERSION = 5.0;
				TARGETED_DEVICE_FAMILY = "1,2";
				TEST_HOST = "$(BUILT_PRODUCTS_DIR)/Login.app/Login";
			};
			name = Debug;
		};
		3C4162DC232B569100C23BA9 /* Release */ = {
			isa = XCBuildConfiguration;
			buildSettings = {
				ALWAYS_EMBED_SWIFT_STANDARD_LIBRARIES = YES;
				BUNDLE_LOADER = "$(TEST_HOST)";
				CODE_SIGN_STYLE = Automatic;
				INFOPLIST_FILE = LoginTests/Info.plist;
				LD_RUNPATH_SEARCH_PATHS = (
					"$(inherited)",
					"@executable_path/Frameworks",
					"@loader_path/Frameworks",
				);
				PRODUCT_BUNDLE_IDENTIFIER = com.rawd.LoginTests;
				PRODUCT_NAME = "$(TARGET_NAME)";
				SWIFT_VERSION = 5.0;
				TARGETED_DEVICE_FAMILY = "1,2";
				TEST_HOST = "$(BUILT_PRODUCTS_DIR)/Login.app/Login";
			};
			name = Release;
		};
		3C4162DE232B569100C23BA9 /* Debug */ = {
			isa = XCBuildConfiguration;
			buildSettings = {
				ALWAYS_EMBED_SWIFT_STANDARD_LIBRARIES = YES;
				CODE_SIGN_STYLE = Automatic;
				INFOPLIST_FILE = LoginUITests/Info.plist;
				LD_RUNPATH_SEARCH_PATHS = (
					"$(inherited)",
					"@executable_path/Frameworks",
					"@loader_path/Frameworks",
				);
				PRODUCT_BUNDLE_IDENTIFIER = com.rawd.LoginUITests;
				PRODUCT_NAME = "$(TARGET_NAME)";
				SWIFT_VERSION = 5.0;
				TARGETED_DEVICE_FAMILY = "1,2";
				TEST_TARGET_NAME = Login;
			};
			name = Debug;
		};
		3C4162DF232B569100C23BA9 /* Release */ = {
			isa = XCBuildConfiguration;
			buildSettings = {
				ALWAYS_EMBED_SWIFT_STANDARD_LIBRARIES = YES;
				CODE_SIGN_STYLE = Automatic;
				INFOPLIST_FILE = LoginUITests/Info.plist;
				LD_RUNPATH_SEARCH_PATHS = (
					"$(inherited)",
					"@executable_path/Frameworks",
					"@loader_path/Frameworks",
				);
				PRODUCT_BUNDLE_IDENTIFIER = com.rawd.LoginUITests;
				PRODUCT_NAME = "$(TARGET_NAME)";
				SWIFT_VERSION = 5.0;
				TARGETED_DEVICE_FAMILY = "1,2";
				TEST_TARGET_NAME = Login;
			};
			name = Release;
		};
/* End XCBuildConfiguration section */

/* Begin XCConfigurationList section */
		3C4162AA232B569000C23BA9 /* Build configuration list for PBXProject "Login" */ = {
			isa = XCConfigurationList;
			buildConfigurations = (
				3C4162D5232B569100C23BA9 /* Debug */,
				3C4162D6232B569100C23BA9 /* Release */,
			);
			defaultConfigurationIsVisible = 0;
			defaultConfigurationName = Release;
		};
		3C4162D7232B569100C23BA9 /* Build configuration list for PBXNativeTarget "Login" */ = {
			isa = XCConfigurationList;
			buildConfigurations = (
				3C4162D8232B569100C23BA9 /* Debug */,
				3C4162D9232B569100C23BA9 /* Release */,
			);
			defaultConfigurationIsVisible = 0;
			defaultConfigurationName = Release;
		};
		3C4162DA232B569100C23BA9 /* Build configuration list for PBXNativeTarget "LoginTests" */ = {
			isa = XCConfigurationList;
			buildConfigurations = (
				3C4162DB232B569100C23BA9 /* Debug */,
				3C4162DC232B569100C23BA9 /* Release */,
			);
			defaultConfigurationIsVisible = 0;
			defaultConfigurationName = Release;
		};
		3C4162DD232B569100C23BA9 /* Build configuration list for PBXNativeTarget "LoginUITests" */ = {
			isa = XCConfigurationList;
			buildConfigurations = (
				3C4162DE232B569100C23BA9 /* Debug */,
				3C4162DF232B569100C23BA9 /* Release */,
			);
			defaultConfigurationIsVisible = 0;
			defaultConfigurationName = Release;
		};
/* End XCConfigurationList section */
	};
	rootObject = 3C4162A7232B569000C23BA9 /* Project object */;
}
